
Microsoft Visual Studio Solution File, Format Version 12.00
# Visual Studio Version 16
VisualStudioVersion = 16.0.29306.81
MinimumVisualStudioVersion = 10.0.40219.1
Project("{FAE04EC0-301F-11D3-BF4B-00C04F79EFBC}") = "WpfApp1_test", "WpfApp1_test\WpfApp1_test.csproj", "{0ABCBA74-6DFA-4D31-B210-BC542467C999}"
EndProject
Global
	GlobalSection(SolutionConfigurationPlatforms) = preSolution
		Debug|Any CPU = Debug|Any CPU
		Release|Any CPU = Release|Any CPU
	EndGlobalSection
	GlobalSection(ProjectConfigurationPlatforms) = postSolution
		{0ABCBA74-6DFA-4D31-B210-BC542467C999}.Debug|Any CPU.ActiveCfg = Debug|Any CPU
		{0ABCBA74-6DFA-4D31-B210-BC542467C999}.Debug|Any CPU.Build.0 = Debug|Any CPU
		{0ABCBA74-6DFA-4D31-B210-BC542467C999}.Release|Any CPU.ActiveCfg = Release|Any CPU
		{0ABCBA74-6DFA-4D31-B210-BC542467C999}.Release|Any CPU.Build.0 = Release|Any CPU
	EndGlobalSection
	GlobalSection(SolutionProperties) = preSolution
		HideSolutionNode = FALSE
	EndGlobalSection
	GlobalSection(ExtensibilityGlobals) = postSolution
		SolutionGuid = {07EF7E7E-AAFD-4709-B061-9B30EC9AADB4}
	EndGlobalSection
EndGlobal
